// !$*UTF8*$!
{
	archiveVersion = 1;
	classes = {
	};
	objectVersion = 56;
	objects = {

/* Begin PBXBuildFile section */
		A865449C2AE2B9F800DE7FFB /* Seventeen_AgainApp.swift in Sources */ = {isa = PBXBuildFile; fileRef = A865449B2AE2B9F800DE7FFB /* Seventeen_AgainApp.swift */; };
		A865449E2AE2B9F800DE7FFB /* Symbols.swift in Sources */ = {isa = PBXBuildFile; fileRef = A865449D2AE2B9F800DE7FFB /* Symbols.swift */; };
		A86544A02AE2B9F900DE7FFB /* Assets.xcassets in Resources */ = {isa = PBXBuildFile; fileRef = A865449F2AE2B9F900DE7FFB /* Assets.xcassets */; };
		A86544A32AE2B9F900DE7FFB /* Preview Assets.xcassets in Resources */ = {isa = PBXBuildFile; fileRef = A86544A22AE2B9F900DE7FFB /* Preview Assets.xcassets */; };
		A86544AA2AE2C0DC00DE7FFB /* Scroll.swift in Sources */ = {isa = PBXBuildFile; fileRef = A86544A92AE2C0DC00DE7FFB /* Scroll.swift */; };
		A86544AC2AE2C26D00DE7FFB /* ScrollImage.swift in Sources */ = {isa = PBXBuildFile; fileRef = A86544AB2AE2C26D00DE7FFB /* ScrollImage.swift */; };
		A86544AE2AE2C46500DE7FFB /* MapView.swift in Sources */ = {isa = PBXBuildFile; fileRef = A86544AD2AE2C46500DE7FFB /* MapView.swift */; };
		A86544B02AE2C6CD00DE7FFB /* Place.swift in Sources */ = {isa = PBXBuildFile; fileRef = A86544AF2AE2C6CD00DE7FFB /* Place.swift */; };
		A86544B22AE2C8EC00DE7FFB /* ContentView.swift in Sources */ = {isa = PBXBuildFile; fileRef = A86544B12AE2C8EC00DE7FFB /* ContentView.swift */; };
		A86544B42AE2D37400DE7FFB /* VegasChart.swift in Sources */ = {isa = PBXBuildFile; fileRef = A86544B32AE2D37400DE7FFB /* VegasChart.swift */; };
/* End PBXBuildFile section */

/* Begin PBXFileReference section */
		A86544982AE2B9F800DE7FFB /* Seventeen_Again.app */ = {isa = PBXFileReference; explicitFileType = wrapper.application; includeInIndex = 0; path = Seventeen_Again.app; sourceTree = BUILT_PRODUCTS_DIR; };
		A865449B2AE2B9F800DE7FFB /* Seventeen_AgainApp.swift */ = {isa = PBXFileReference; lastKnownFileType = sourcecode.swift; path = Seventeen_AgainApp.swift; sourceTree = "<group>"; };
		A865449D2AE2B9F800DE7FFB /* Symbols.swift */ = {isa = PBXFileReference; lastKnownFileType = sourcecode.swift; path = Symbols.swift; sourceTree = "<group>"; };
		A865449F2AE2B9F900DE7FFB /* Assets.xcassets */ = {isa = PBXFileReference; lastKnownFileType = folder.assetcatalog; path = Assets.xcassets; sourceTree = "<group>"; };
		A86544A22AE2B9F900DE7FFB /* Preview Assets.xcassets */ = {isa = PBXFileReference; lastKnownFileType = folder.assetcatalog; path = "Preview Assets.xcassets"; sourceTree = "<group>"; };
		A86544A92AE2C0DC00DE7FFB /* Scroll.swift */ = {isa = PBXFileReference; lastKnownFileType = sourcecode.swift; path = Scroll.swift; sourceTree = "<group>"; };
		A86544AB2AE2C26D00DE7FFB /* ScrollImage.swift */ = {isa = PBXFileReference; lastKnownFileType = sourcecode.swift; path = ScrollImage.swift; sourceTree = "<group>"; };
		A86544AD2AE2C46500DE7FFB /* MapView.swift */ = {isa = PBXFileReference; lastKnownFileType = sourcecode.swift; path = MapView.swift; sourceTree = "<group>"; };
		A86544AF2AE2C6CD00DE7FFB /* Place.swift */ = {isa = PBXFileReference; lastKnownFileType = sourcecode.swift; path = Place.swift; sourceTree = "<group>"; };
		A86544B12AE2C8EC00DE7FFB /* ContentView.swift */ = {isa = PBXFileReference; lastKnownFileType = sourcecode.swift; path = ContentView.swift; sourceTree = "<group>"; };
		A86544B32AE2D37400DE7FFB /* VegasChart.swift */ = {isa = PBXFileReference; lastKnownFileType = sourcecode.swift; path = VegasChart.swift; sourceTree = "<group>"; };
/* End PBXFileReference section */

/* Begin PBXFrameworksBuildPhase section */
		A86544952AE2B9F800DE7FFB /* Frameworks */ = {
			isa = PBXFrameworksBuildPhase;
			buildActionMask = 2147483647;
			files = (
			);
			runOnlyForDeploymentPostprocessing = 0;
		};
/* End PBXFrameworksBuildPhase section */

/* Begin PBXGroup section */
		A865448F2AE2B9F800DE7FFB = {
			isa = PBXGroup;
			children = (
				A865449A2AE2B9F800DE7FFB /* Seventeen_Again */,
				A86544992AE2B9F800DE7FFB /* Products */,
			);
			sourceTree = "<group>";
		};
		A86544992AE2B9F800DE7FFB /* Products */ = {
			isa = PBXGroup;
			children = (
				A86544982AE2B9F800DE7FFB /* Seventeen_Again.app */,
			);
			name = Products;
			sourceTree = "<group>";
		};
		A865449A2AE2B9F800DE7FFB /* Seventeen_Again */ = {
			isa = PBXGroup;
			children = (
				A865449B2AE2B9F800DE7FFB /* Seventeen_AgainApp.swift */,
				A86544B12AE2C8EC00DE7FFB /* ContentView.swift */,
				A865449D2AE2B9F800DE7FFB /* Symbols.swift */,
				A86544A92AE2C0DC00DE7FFB /* Scroll.swift */,
				A86544AB2AE2C26D00DE7FFB /* ScrollImage.swift */,
				A86544AD2AE2C46500DE7FFB /* MapView.swift */,
				A86544AF2AE2C6CD00DE7FFB /* Place.swift */,
				A865449F2AE2B9F900DE7FFB /* Assets.xcassets */,
				A86544A12AE2B9F900DE7FFB /* Preview Content */,
				A86544B32AE2D37400DE7FFB /* VegasChart.swift */,
			);
			path = Seventeen_Again;
			sourceTree = "<group>";
		};
		A86544A12AE2B9F900DE7FFB /* Preview Content */ = {
			isa = PBXGroup;
			children = (
				A86544A22AE2B9F900DE7FFB /* Preview Assets.xcassets */,
			);
			path = "Preview Content";
			sourceTree = "<group>";
		};
/* End PBXGroup section */

/* Begin PBXNativeTarget section */
		A86544972AE2B9F800DE7FFB /* Seventeen_Again */ = {
			isa = PBXNativeTarget;
			buildConfigurationList = A86544A62AE2B9F900DE7FFB /* Build configuration list for PBXNativeTarget "Seventeen_Again" */;
			buildPhases = (
				A86544942AE2B9F800DE7FFB /* Sources */,
				A86544952AE2B9F800DE7FFB /* Frameworks */,
				A86544962AE2B9F800DE7FFB /* Resources */,
			);
			buildRules = (
			);
			dependencies = (
			);
			name = Seventeen_Again;
			productName = Seventeen_Again;
			productReference = A86544982AE2B9F800DE7FFB /* Seventeen_Again.app */;
			productType = "com.apple.product-type.application";
		};
/* End PBXNativeTarget section */

/* Begin PBXProject section */
		A86544902AE2B9F800DE7FFB /* Project object */ = {
			isa = PBXProject;
			attributes = {
				BuildIndependentTargetsInParallel = 1;
				LastSwiftUpdateCheck = 1500;
				LastUpgradeCheck = 1500;
				TargetAttributes = {
					A86544972AE2B9F800DE7FFB = {
						CreatedOnToolsVersion = 15.0.1;
					};
				};
			};
			buildConfigurationList = A86544932AE2B9F800DE7FFB /* Build configuration list for PBXProject "Seventeen_Again" */;
			compatibilityVersion = "Xcode 14.0";
			developmentRegion = en;
			hasScannedForEncodings = 0;
			knownRegions = (
				en,
				Base,
			);
			mainGroup = A865448F2AE2B9F800DE7FFB;
			productRefGroup = A86544992AE2B9F800DE7FFB /* Products */;
			projectDirPath = "";
			projectRoot = "";
			targets = (
				A86544972AE2B9F800DE7FFB /* Seventeen_Again */,
			);
		};
/* End PBXProject section */

/* Begin PBXResourcesBuildPhase section */
		A86544962AE2B9F800DE7FFB /* Resources */ = {
			isa = PBXResourcesBuildPhase;
			buildActionMask = 2147483647;
			files = (
				A86544A32AE2B9F900DE7FFB /* Preview Assets.xcassets in Resources */,
				A86544A02AE2B9F900DE7FFB /* Assets.xcassets in Resources */,
			);
			runOnlyForDeploymentPostprocessing = 0;
		};
/* End PBXResourcesBuildPhase section */

/* Begin PBXSourcesBuildPhase section */
		A86544942AE2B9F800DE7FFB /* Sources */ = {
			isa = PBXSourcesBuildPhase;
			buildActionMask = 2147483647;
			files = (
				A865449E2AE2B9F800DE7FFB /* Symbols.swift in Sources */,
				A865449C2AE2B9F800DE7FFB /* Seventeen_AgainApp.swift in Sources */,
				A86544B22AE2C8EC00DE7FFB /* ContentView.swift in Sources */,
				A86544B42AE2D37400DE7FFB /* VegasChart.swift in Sources */,
				A86544AE2AE2C46500DE7FFB /* MapView.swift in Sources */,
				A86544B02AE2C6CD00DE7FFB /* Place.swift in Sources */,
				A86544AC2AE2C26D00DE7FFB /* ScrollImage.swift in Sources */,
				A86544AA2AE2C0DC00DE7FFB /* Scroll.swift in Sources */,
			);
			runOnlyForDeploymentPostprocessing = 0;
		};
/* End PBXSourcesBuildPhase section */

/* Begin XCBuildConfiguration section */
		A86544A42AE2B9F900DE7FFB /* Debug */ = {
			isa = XCBuildConfiguration;
			buildSettings = {
				ALWAYS_SEARCH_USER_PATHS = NO;
				ASSETCATALOG_COMPILER_GENERATE_SWIFT_ASSET_SYMBOL_EXTENSIONS = YES;
				CLANG_ANALYZER_NONNULL = YES;
				CLANG_ANALYZER_NUMBER_OBJECT_CONVERSION = YES_AGGRESSIVE;
				CLANG_CXX_LANGUAGE_STANDARD = "gnu++20";
				CLANG_ENABLE_MODULES = YES;
				CLANG_ENABLE_OBJC_ARC = YES;
				CLANG_ENABLE_OBJC_WEAK = YES;
				CLANG_WARN_BLOCK_CAPTURE_AUTORELEASING = YES;
				CLANG_WARN_BOOL_CONVERSION = YES;
				CLANG_WARN_COMMA = YES;
				CLANG_WARN_CONSTANT_CONVERSION = YES;
				CLANG_WARN_DEPRECATED_OBJC_IMPLEMENTATIONS = YES;
				CLANG_WARN_DIRECT_OBJC_ISA_USAGE = YES_ERROR;
				CLANG_WARN_DOCUMENTATION_COMMENTS = YES;
				CLANG_WARN_EMPTY_BODY = YES;
				CLANG_WARN_ENUM_CONVERSION = YES;
				CLANG_WARN_INFINITE_RECURSION = YES;
				CLANG_WARN_INT_CONVERSION = YES;
				CLANG_WARN_NON_LITERAL_NULL_CONVERSION = YES;
				CLANG_WARN_OBJC_IMPLICIT_RETAIN_SELF = YES;
				CLANG_WARN_OBJC_LITERAL_CONVERSION = YES;
				CLANG_WARN_OBJC_ROOT_CLASS = YES_ERROR;
				CLANG_WARN_QUOTED_INCLUDE_IN_FRAMEWORK_HEADER = YES;
				CLANG_WARN_RANGE_LOOP_ANALYSIS = YES;
				CLANG_WARN_STRICT_PROTOTYPES = YES;
				CLANG_WARN_SUSPICIOUS_MOVE = YES;
				CLANG_WARN_UNGUARDED_AVAILABILITY = YES_AGGRESSIVE;
				CLANG_WARN_UNREACHABLE_CODE = YES;
				CLANG_WARN__DUPLICATE_METHOD_MATCH = YES;
				COPY_PHASE_STRIP = NO;
				DEBUG_INFORMATION_FORMAT = dwarf;
				ENABLE_STRICT_OBJC_MSGSEND = YES;
				ENABLE_TESTABILITY = YES;
				ENABLE_USER_SCRIPT_SANDBOXING = YES;
				GCC_C_LANGUAGE_STANDARD = gnu17;
				GCC_DYNAMIC_NO_PIC = NO;
				GCC_NO_COMMON_BLOCKS = YES;
				GCC_OPTIMIZATION_LEVEL = 0;
				GCC_PREPROCESSOR_DEFINITIONS = (
					"DEBUG=1",
					"$(inherited)",
				);
				GCC_WARN_64_TO_32_BIT_CONVERSION = YES;
				GCC_WARN_ABOUT_RETURN_TYPE = YES_ERROR;
				GCC_WARN_UNDECLARED_SELECTOR = YES;
				GCC_WARN_UNINITIALIZED_AUTOS = YES_AGGRESSIVE;
				GCC_WARN_UNUSED_FUNCTION = YES;
				GCC_WARN_UNUSED_VARIABLE = YES;
				IPHONEOS_DEPLOYMENT_TARGET = 17.0;
				LOCALIZATION_PREFERS_STRING_CATALOGS = YES;
				MTL_ENABLE_DEBUG_INFO = INCLUDE_SOURCE;
				MTL_FAST_MATH = YES;
				ONLY_ACTIVE_ARCH = YES;
				SDKROOT = iphoneos;
				SWIFT_ACTIVE_COMPILATION_CONDITIONS = "DEBUG $(inherited)";
				SWIFT_OPTIMIZATION_LEVEL = "-Onone";
			};
			name = Debug;
		};
		A86544A52AE2B9F900DE7FFB /* Release */ = {
			isa = XCBuildConfiguration;
			buildSettings = {
				ALWAYS_SEARCH_USER_PATHS = NO;
				ASSETCATALOG_COMPILER_GENERATE_SWIFT_ASSET_SYMBOL_EXTENSIONS = YES;
				CLANG_ANALYZER_NONNULL = YES;
				CLANG_ANALYZER_NUMBER_OBJECT_CONVERSION = YES_AGGRESSIVE;
				CLANG_CXX_LANGUAGE_STANDARD = "gnu++20";
				CLANG_ENABLE_MODULES = YES;
				CLANG_ENABLE_OBJC_ARC = YES;
				CLANG_ENABLE_OBJC_WEAK = YES;
				CLANG_WARN_BLOCK_CAPTURE_AUTORELEASING = YES;
				CLANG_WARN_BOOL_CONVERSION = YES;
				CLANG_WARN_COMMA = YES;
				CLANG_WARN_CONSTANT_CONVERSION = YES;
				CLANG_WARN_DEPRECATED_OBJC_IMPLEMENTATIONS = YES;
				CLANG_WARN_DIRECT_OBJC_ISA_USAGE = YES_ERROR;
				CLANG_WARN_DOCUMENTATION_COMMENTS = YES;
				CLANG_WARN_EMPTY_BODY = YES;
				CLANG_WARN_ENUM_CONVERSION = YES;
				CLANG_WARN_INFINITE_RECURSION = YES;
				CLANG_WARN_INT_CONVERSION = YES;
				CLANG_WARN_NON_LITERAL_NULL_CONVERSION = YES;
				CLANG_WARN_OBJC_IMPLICIT_RETAIN_SELF = YES;
				CLANG_WARN_OBJC_LITERAL_CONVERSION = YES;
				CLANG_WARN_OBJC_ROOT_CLASS = YES_ERROR;
				CLANG_WARN_QUOTED_INCLUDE_IN_FRAMEWORK_HEADER = YES;
				CLANG_WARN_RANGE_LOOP_ANALYSIS = YES;
				CLANG_WARN_STRICT_PROTOTYPES = YES;
				CLANG_WARN_SUSPICIOUS_MOVE = YES;
				CLANG_WARN_UNGUARDED_AVAILABILITY = YES_AGGRESSIVE;
				CLANG_WARN_UNREACHABLE_CODE = YES;
				CLANG_WARN__DUPLICATE_METHOD_MATCH = YES;
				COPY_PHASE_STRIP = NO;
				DEBUG_INFORMATION_FORMAT = "dwarf-with-dsym";
				ENABLE_NS_ASSERTIONS = NO;
				ENABLE_STRICT_OBJC_MSGSEND = YES;
				ENABLE_USER_SCRIPT_SANDBOXING = YES;
				GCC_C_LANGUAGE_STANDARD = gnu17;
				GCC_NO_COMMON_BLOCKS = YES;
				GCC_WARN_64_TO_32_BIT_CONVERSION = YES;
				GCC_WARN_ABOUT_RETURN_TYPE = YES_ERROR;
				GCC_WARN_UNDECLARED_SELECTOR = YES;
				GCC_WARN_UNINITIALIZED_AUTOS = YES_AGGRESSIVE;
				GCC_WARN_UNUSED_FUNCTION = YES;
				GCC_WARN_UNUSED_VARIABLE = YES;
				IPHONEOS_DEPLOYMENT_TARGET = 17.0;
				LOCALIZATION_PREFERS_STRING_CATALOGS = YES;
				MTL_ENABLE_DEBUG_INFO = NO;
				MTL_FAST_MATH = YES;
				SDKROOT = iphoneos;
				SWIFT_COMPILATION_MODE = wholemodule;
				VALIDATE_PRODUCT = YES;
			};
			name = Release;
		};
		A86544A72AE2B9F900DE7FFB /* Debug */ = {
			isa = XCBuildConfiguration;
			buildSettings = {
				ASSETCATALOG_COMPILER_APPICON_NAME = AppIcon;
				ASSETCATALOG_COMPILER_GLOBAL_ACCENT_COLOR_NAME = AccentColor;
				CODE_SIGN_STYLE = Automatic;
				CURRENT_PROJECT_VERSION = 1;
				DEVELOPMENT_ASSET_PATHS = "\"Seventeen_Again/Preview Content\"";
				DEVELOPMENT_TEAM = 2ANUQU8KMP;
				ENABLE_PREVIEWS = YES;
				GENERATE_INFOPLIST_FILE = YES;
				INFOPLIST_KEY_UIApplicationSceneManifest_Generation = YES;
				INFOPLIST_KEY_UIApplicationSupportsIndirectInputEvents = YES;
				INFOPLIST_KEY_UILaunchScreen_Generation = YES;
				INFOPLIST_KEY_UISupportedInterfaceOrientations_iPad = "UIInterfaceOrientationPortrait UIInterfaceOrientationPortraitUpsideDown UIInterfaceOrientationLandscapeLeft UIInterfaceOrientationLandscapeRight";
				INFOPLIST_KEY_UISupportedInterfaceOrientations_iPhone = "UIInterfaceOrientationPortrait UIInterfaceOrientationLandscapeLeft UIInterfaceOrientationLandscapeRight";
				LD_RUNPATH_SEARCH_PATHS = (
					"$(inherited)",
					"@executable_path/Frameworks",
				);
				MARKETING_VERSION = 1.0;
				PRODUCT_BUNDLE_IDENTIFIER = "com.tiagopinheiro.Seventeen-Again";
				PRODUCT_NAME = "$(TARGET_NAME)";
				SWIFT_EMIT_LOC_STRINGS = YES;
				SWIFT_VERSION = 5.0;
				TARGETED_DEVICE_FAMILY = "1,2";
			};
			name = Debug;
		};
		A86544A82AE2B9F900DE7FFB /* Release */ = {
			isa = XCBuildConfiguration;
			buildSettings = {
				ASSETCATALOG_COMPILER_APPICON_NAME = AppIcon;
				ASSETCATALOG_COMPILER_GLOBAL_ACCENT_COLOR_NAME = AccentColor;
				CODE_SIGN_STYLE = Automatic;
				CURRENT_PROJECT_VERSION = 1;
				DEVELOPMENT_ASSET_PATHS = "\"Seventeen_Again/Preview Content\"";
				DEVELOPMENT_TEAM = 2ANUQU8KMP;
				ENABLE_PREVIEWS = YES;
				GENERATE_INFOPLIST_FILE = YES;
				INFOPLIST_KEY_UIApplicationSceneManifest_Generation = YES;
				INFOPLIST_KEY_UIApplicationSupportsIndirectInputEvents = YES;
				INFOPLIST_KEY_UILaunchScreen_Generation = YES;
				INFOPLIST_KEY_UISupportedInterfaceOrientations_iPad = "UIInterfaceOrientationPortrait UIInterfaceOrientationPortraitUpsideDown UIInterfaceOrientationLandscapeLeft UIInterfaceOrientationLandscapeRight";
				INFOPLIST_KEY_UISupportedInterfaceOrientations_iPhone = "UIInterfaceOrientationPortrait UIInterfaceOrientationLandscapeLeft UIInterfaceOrientationLandscapeRight";
				LD_RUNPATH_SEARCH_PATHS = (
					"$(inherited)",
					"@executable_path/Frameworks",
				);
				MARKETING_VERSION = 1.0;
				PRODUCT_BUNDLE_IDENTIFIER = "com.tiagopinheiro.Seventeen-Again";
				PRODUCT_NAME = "$(TARGET_NAME)";
				SWIFT_EMIT_LOC_STRINGS = YES;
				SWIFT_VERSION = 5.0;
				TARGETED_DEVICE_FAMILY = "1,2";
			};
			name = Release;
		};
/* End XCBuildConfiguration section */

/* Begin XCConfigurationList section */
		A86544932AE2B9F800DE7FFB /* Build configuration list for PBXProject "Seventeen_Again" */ = {
			isa = XCConfigurationList;
			buildConfigurations = (
				A86544A42AE2B9F900DE7FFB /* Debug */,
				A86544A52AE2B9F900DE7FFB /* Release */,
			);
			defaultConfigurationIsVisible = 0;
			defaultConfigurationName = Release;
		};
		A86544A62AE2B9F900DE7FFB /* Build configuration list for PBXNativeTarget "Seventeen_Again" */ = {
			isa = XCConfigurationList;
			buildConfigurations = (
				A86544A72AE2B9F900DE7FFB /* Debug */,
				A86544A82AE2B9F900DE7FFB /* Release */,
			);
			defaultConfigurationIsVisible = 0;
			defaultConfigurationName = Release;
		};
/* End XCConfigurationList section */
	};
	rootObject = A86544902AE2B9F800DE7FFB /* Project object */;
}
